# This file is automatically @generated by Poetry 1.5.4 and should not be changed by hand.

[[package]]
name = "guizero"
version = "1.5.0"
description = "Python module to allow learners to easily create GUIs"
optional = false
python-versions = ">=3"
files = [
    {file = "guizero-1.5.0-py3-none-any.whl", hash = "sha256:5820f6638d3af1b659713e4de980f87c8d3d768056e5c57df10b967cd8b16817"},
    {file = "guizero-1.5.0-py3-none-win32.whl", hash = "sha256:91dffcc4248426b505ab75d390c6e01dedd811e34d2afb2ce0d82f36cf77c374"},
    {file = "guizero-1.5.0.tar.gz", hash = "sha256:421f8e6871d795064c1608f8277ae3d252e129f656ddc558b30f577bdc6267d1"},
]

[package.extras]
images = ["pillow (>=4.3.0)"]

[metadata]
lock-version = "2.0"
python-versions = "^3.10"
content-hash = "70177694fbb3ea87850972628a4de1085fe47d8521a55fa2c8ac22dd1d561fb3"
